
Microsoft Visual Studio Solution File, Format Version 12.00
# Visual Studio Version 17
VisualStudioVersion = 17.0.32112.339
MinimumVisualStudioVersion = 10.0.40219.1
Project("{8BC9CEB8-8B4A-11D0-8D11-00A0C91BC942}") = "Spring22", "Spring22\Spring22.vcxproj", "{2A2F52C6-28F7-4142-8E05-389ADF46959B}"
	ProjectSection(ProjectDependencies) = postProject
		{319BEED9-EFE9-3F29-9E56-8BE6B0B8D717} = {319BEED9-EFE9-3F29-9E56-8BE6B0B8D717}
	EndProjectSection
EndProject
Project("{8BC9CEB8-8B4A-11D0-8D11-00A0C91BC942}") = "Game", "Game\Game.vcxproj", "{BFFF7B9F-89F0-4827-86BA-218EF7FAD15A}"
EndProject
Project("{8BC9CEB8-8B4A-11D0-8D11-00A0C91BC942}") = "glfw", "glfw\build\src\glfw.vcxproj", "{319BEED9-EFE9-3F29-9E56-8BE6B0B8D717}"
EndProject
Project("{8BC9CEB8-8B4A-11D0-8D11-00A0C91BC942}") = "glad", "glad\glad.vcxproj", "{E5C2EAAC-9EEB-4059-8880-8582BF15FEB4}"
EndProject
Project("{8BC9CEB8-8B4A-11D0-8D11-00A0C91BC942}") = "stbi", "stbi\stbi.vcxproj", "{EA4EBE01-05B2-491E-A61B-4418414CBC8D}"
EndProject
Global
	GlobalSection(SolutionConfigurationPlatforms) = preSolution
		Debug|x64 = Debug|x64
		Debug|x86 = Debug|x86
		MinSizeRel|x64 = MinSizeRel|x64
		MinSizeRel|x86 = MinSizeRel|x86
		Release|x64 = Release|x64
		Release|x86 = Release|x86
		RelWithDebInfo|x64 = RelWithDebInfo|x64
		RelWithDebInfo|x86 = RelWithDebInfo|x86
	EndGlobalSection
	GlobalSection(ProjectConfigurationPlatforms) = postSolution
		{2A2F52C6-28F7-4142-8E05-389ADF46959B}.Debug|x64.ActiveCfg = Debug|x64
		{2A2F52C6-28F7-4142-8E05-389ADF46959B}.Debug|x64.Build.0 = Debug|x64
		{2A2F52C6-28F7-4142-8E05-389ADF46959B}.Debug|x86.ActiveCfg = Debug|x64
		{2A2F52C6-28F7-4142-8E05-389ADF46959B}.Debug|x86.Build.0 = Debug|x64
		{2A2F52C6-28F7-4142-8E05-389ADF46959B}.MinSizeRel|x64.ActiveCfg = Release|x64
		{2A2F52C6-28F7-4142-8E05-389ADF46959B}.MinSizeRel|x64.Build.0 = Release|x64
		{2A2F52C6-28F7-4142-8E05-389ADF46959B}.MinSizeRel|x86.ActiveCfg = Release|x64
		{2A2F52C6-28F7-4142-8E05-389ADF46959B}.MinSizeRel|x86.Build.0 = Release|x64
		{2A2F52C6-28F7-4142-8E05-389ADF46959B}.Release|x64.ActiveCfg = Release|x64
		{2A2F52C6-28F7-4142-8E05-389ADF46959B}.Release|x64.Build.0 = Release|x64
		{2A2F52C6-28F7-4142-8E05-389ADF46959B}.Release|x86.ActiveCfg = Release|x64
		{2A2F52C6-28F7-4142-8E05-389ADF46959B}.Release|x86.Build.0 = Release|x64
		{2A2F52C6-28F7-4142-8E05-389ADF46959B}.RelWithDebInfo|x64.ActiveCfg = Release|x64
		{2A2F52C6-28F7-4142-8E05-389ADF46959B}.RelWithDebInfo|x64.Build.0 = Release|x64
		{2A2F52C6-28F7-4142-8E05-389ADF46959B}.RelWithDebInfo|x86.ActiveCfg = Release|x64
		{2A2F52C6-28F7-4142-8E05-389ADF46959B}.RelWithDebInfo|x86.Build.0 = Release|x64
		{BFFF7B9F-89F0-4827-86BA-218EF7FAD15A}.Debug|x64.ActiveCfg = Debug|x64
		{BFFF7B9F-89F0-4827-86BA-218EF7FAD15A}.Debug|x64.Build.0 = Debug|x64
		{BFFF7B9F-89F0-4827-86BA-218EF7FAD15A}.Debug|x86.ActiveCfg = Debug|x64
		{BFFF7B9F-89F0-4827-86BA-218EF7FAD15A}.Debug|x86.Build.0 = Debug|x64
		{BFFF7B9F-89F0-4827-86BA-218EF7FAD15A}.MinSizeRel|x64.ActiveCfg = Release|x64
		{BFFF7B9F-89F0-4827-86BA-218EF7FAD15A}.MinSizeRel|x64.Build.0 = Release|x64
		{BFFF7B9F-89F0-4827-86BA-218EF7FAD15A}.MinSizeRel|x86.ActiveCfg = Release|x64
		{BFFF7B9F-89F0-4827-86BA-218EF7FAD15A}.MinSizeRel|x86.Build.0 = Release|x64
		{BFFF7B9F-89F0-4827-86BA-218EF7FAD15A}.Release|x64.ActiveCfg = Release|x64
		{BFFF7B9F-89F0-4827-86BA-218EF7FAD15A}.Release|x64.Build.0 = Release|x64
		{BFFF7B9F-89F0-4827-86BA-218EF7FAD15A}.Release|x86.ActiveCfg = Release|x64
		{BFFF7B9F-89F0-4827-86BA-218EF7FAD15A}.Release|x86.Build.0 = Release|x64
		{BFFF7B9F-89F0-4827-86BA-218EF7FAD15A}.RelWithDebInfo|x64.ActiveCfg = Release|x64
		{BFFF7B9F-89F0-4827-86BA-218EF7FAD15A}.RelWithDebInfo|x64.Build.0 = Release|x64
		{BFFF7B9F-89F0-4827-86BA-218EF7FAD15A}.RelWithDebInfo|x86.ActiveCfg = Release|x64
		{BFFF7B9F-89F0-4827-86BA-218EF7FAD15A}.RelWithDebInfo|x86.Build.0 = Release|x64
		{319BEED9-EFE9-3F29-9E56-8BE6B0B8D717}.Debug|x64.ActiveCfg = Debug|x64
		{319BEED9-EFE9-3F29-9E56-8BE6B0B8D717}.Debug|x64.Build.0 = Debug|x64
		{319BEED9-EFE9-3F29-9E56-8BE6B0B8D717}.Debug|x86.ActiveCfg = Debug|x64
		{319BEED9-EFE9-3F29-9E56-8BE6B0B8D717}.Debug|x86.Build.0 = Debug|x64
		{319BEED9-EFE9-3F29-9E56-8BE6B0B8D717}.MinSizeRel|x64.ActiveCfg = MinSizeRel|x64
		{319BEED9-EFE9-3F29-9E56-8BE6B0B8D717}.MinSizeRel|x64.Build.0 = MinSizeRel|x64
		{319BEED9-EFE9-3F29-9E56-8BE6B0B8D717}.MinSizeRel|x86.ActiveCfg = MinSizeRel|x64
		{319BEED9-EFE9-3F29-9E56-8BE6B0B8D717}.MinSizeRel|x86.Build.0 = MinSizeRel|x64
		{319BEED9-EFE9-3F29-9E56-8BE6B0B8D717}.Release|x64.ActiveCfg = Release|x64
		{319BEED9-EFE9-3F29-9E56-8BE6B0B8D717}.Release|x64.Build.0 = Release|x64
		{319BEED9-EFE9-3F29-9E56-8BE6B0B8D717}.Release|x86.ActiveCfg = Release|x64
		{319BEED9-EFE9-3F29-9E56-8BE6B0B8D717}.Release|x86.Build.0 = Release|x64
		{319BEED9-EFE9-3F29-9E56-8BE6B0B8D717}.RelWithDebInfo|x64.ActiveCfg = RelWithDebInfo|x64
		{319BEED9-EFE9-3F29-9E56-8BE6B0B8D717}.RelWithDebInfo|x64.Build.0 = RelWithDebInfo|x64
		{319BEED9-EFE9-3F29-9E56-8BE6B0B8D717}.RelWithDebInfo|x86.ActiveCfg = RelWithDebInfo|x64
		{319BEED9-EFE9-3F29-9E56-8BE6B0B8D717}.RelWithDebInfo|x86.Build.0 = RelWithDebInfo|x64
		{E5C2EAAC-9EEB-4059-8880-8582BF15FEB4}.Debug|x64.ActiveCfg = Debug|x64
		{E5C2EAAC-9EEB-4059-8880-8582BF15FEB4}.Debug|x64.Build.0 = Debug|x64
		{E5C2EAAC-9EEB-4059-8880-8582BF15FEB4}.Debug|x86.ActiveCfg = Debug|Win32
		{E5C2EAAC-9EEB-4059-8880-8582BF15FEB4}.Debug|x86.Build.0 = Debug|Win32
		{E5C2EAAC-9EEB-4059-8880-8582BF15FEB4}.MinSizeRel|x64.ActiveCfg = Debug|x64
		{E5C2EAAC-9EEB-4059-8880-8582BF15FEB4}.MinSizeRel|x64.Build.0 = Debug|x64
		{E5C2EAAC-9EEB-4059-8880-8582BF15FEB4}.MinSizeRel|x86.ActiveCfg = Debug|Win32
		{E5C2EAAC-9EEB-4059-8880-8582BF15FEB4}.MinSizeRel|x86.Build.0 = Debug|Win32
		{E5C2EAAC-9EEB-4059-8880-8582BF15FEB4}.Release|x64.ActiveCfg = Release|x64
		{E5C2EAAC-9EEB-4059-8880-8582BF15FEB4}.Release|x64.Build.0 = Release|x64
		{E5C2EAAC-9EEB-4059-8880-8582BF15FEB4}.Release|x86.ActiveCfg = Release|Win32
		{E5C2EAAC-9EEB-4059-8880-8582BF15FEB4}.Release|x86.Build.0 = Release|Win32
		{E5C2EAAC-9EEB-4059-8880-8582BF15FEB4}.RelWithDebInfo|x64.ActiveCfg = Release|x64
		{E5C2EAAC-9EEB-4059-8880-8582BF15FEB4}.RelWithDebInfo|x64.Build.0 = Release|x64
		{E5C2EAAC-9EEB-4059-8880-8582BF15FEB4}.RelWithDebInfo|x86.ActiveCfg = Release|Win32
		{E5C2EAAC-9EEB-4059-8880-8582BF15FEB4}.RelWithDebInfo|x86.Build.0 = Release|Win32
		{EA4EBE01-05B2-491E-A61B-4418414CBC8D}.Debug|x64.ActiveCfg = Debug|x64
		{EA4EBE01-05B2-491E-A61B-4418414CBC8D}.Debug|x64.Build.0 = Debug|x64
		{EA4EBE01-05B2-491E-A61B-4418414CBC8D}.Debug|x86.ActiveCfg = Debug|Win32
		{EA4EBE01-05B2-491E-A61B-4418414CBC8D}.Debug|x86.Build.0 = Debug|Win32
		{EA4EBE01-05B2-491E-A61B-4418414CBC8D}.MinSizeRel|x64.ActiveCfg = Debug|x64
		{EA4EBE01-05B2-491E-A61B-4418414CBC8D}.MinSizeRel|x64.Build.0 = Debug|x64
		{EA4EBE01-05B2-491E-A61B-4418414CBC8D}.MinSizeRel|x86.ActiveCfg = Debug|Win32
		{EA4EBE01-05B2-491E-A61B-4418414CBC8D}.MinSizeRel|x86.Build.0 = Debug|Win32
		{EA4EBE01-05B2-491E-A61B-4418414CBC8D}.Release|x64.ActiveCfg = Release|x64
		{EA4EBE01-05B2-491E-A61B-4418414CBC8D}.Release|x64.Build.0 = Release|x64
		{EA4EBE01-05B2-491E-A61B-4418414CBC8D}.Release|x86.ActiveCfg = Release|Win32
		{EA4EBE01-05B2-491E-A61B-4418414CBC8D}.Release|x86.Build.0 = Release|Win32
		{EA4EBE01-05B2-491E-A61B-4418414CBC8D}.RelWithDebInfo|x64.ActiveCfg = Release|x64
		{EA4EBE01-05B2-491E-A61B-4418414CBC8D}.RelWithDebInfo|x64.Build.0 = Release|x64
		{EA4EBE01-05B2-491E-A61B-4418414CBC8D}.RelWithDebInfo|x86.ActiveCfg = Release|Win32
		{EA4EBE01-05B2-491E-A61B-4418414CBC8D}.RelWithDebInfo|x86.Build.0 = Release|Win32
	EndGlobalSection
	GlobalSection(SolutionProperties) = preSolution
		HideSolutionNode = FALSE
	EndGlobalSection
	GlobalSection(ExtensibilityGlobals) = postSolution
		SolutionGuid = {98135E24-C23B-4389-AE37-5A9341032297}
	EndGlobalSection
EndGlobal
